
Microsoft Visual Studio Solution File, Format Version 12.00
# Visual Studio Version 17
VisualStudioVersion = 17.5.002.0
MinimumVisualStudioVersion = 10.0.40219.1
Project("{9A19103F-16F7-4668-BE54-9A1E7A4F7556}") = "BooksOnLoan", "BooksOnLoan.csproj", "{58E23959-3B20-4024-BC2A-BDDD26C96728}"
EndProject
Global
	GlobalSection(SolutionConfigurationPlatforms) = preSolution
		Debug|Any CPU = Debug|Any CPU
		Release|Any CPU = Release|Any CPU
	EndGlobalSection
	GlobalSection(ProjectConfigurationPlatforms) = postSolution
		{58E23959-3B20-4024-BC2A-BDDD26C96728}.Debug|Any CPU.ActiveCfg = Debug|Any CPU
		{58E23959-3B20-4024-BC2A-BDDD26C96728}.Debug|Any CPU.Build.0 = Debug|Any CPU
		{58E23959-3B20-4024-BC2A-BDDD26C96728}.Release|Any CPU.ActiveCfg = Release|Any CPU
		{58E23959-3B20-4024-BC2A-BDDD26C96728}.Release|Any CPU.Build.0 = Release|Any CPU
	EndGlobalSection
	GlobalSection(SolutionProperties) = preSolution
		HideSolutionNode = FALSE
	EndGlobalSection
	GlobalSection(ExtensibilityGlobals) = postSolution
		SolutionGuid = {CCB3A6DC-3951-4BA1-B225-E499CB294D2E}
	EndGlobalSection
EndGlobal
